
Microsoft Visual Studio Solution File, Format Version 12.00
# Visual Studio 15
VisualStudioVersion = 15.0.27130.2010
MinimumVisualStudioVersion = 10.0.40219.1
Project("{8BC9CEB8-8B4A-11D0-8D11-00A0C91BC942}") = "Pointers", "Pointers\Pointers.vcxproj", "{FE9EC6C7-B0A3-43E9-85DF-DCD7C52E3BE6}"
EndProject
Global
	GlobalSection(SolutionConfigurationPlatforms) = preSolution
		Debug|x64 = Debug|x64
		Debug|x86 = Debug|x86
		Release|x64 = Release|x64
		Release|x86 = Release|x86
	EndGlobalSection
	GlobalSection(ProjectConfigurationPlatforms) = postSolution
		{FE9EC6C7-B0A3-43E9-85DF-DCD7C52E3BE6}.Debug|x64.ActiveCfg = Debug|x64
		{FE9EC6C7-B0A3-43E9-85DF-DCD7C52E3BE6}.Debug|x64.Build.0 = Debug|x64
		{FE9EC6C7-B0A3-43E9-85DF-DCD7C52E3BE6}.Debug|x86.ActiveCfg = Debug|Win32
		{FE9EC6C7-B0A3-43E9-85DF-DCD7C52E3BE6}.Debug|x86.Build.0 = Debug|Win32
		{FE9EC6C7-B0A3-43E9-85DF-DCD7C52E3BE6}.Release|x64.ActiveCfg = Release|x64
		{FE9EC6C7-B0A3-43E9-85DF-DCD7C52E3BE6}.Release|x64.Build.0 = Release|x64
		{FE9EC6C7-B0A3-43E9-85DF-DCD7C52E3BE6}.Release|x86.ActiveCfg = Release|Win32
		{FE9EC6C7-B0A3-43E9-85DF-DCD7C52E3BE6}.Release|x86.Build.0 = Release|Win32
	EndGlobalSection
	GlobalSection(SolutionProperties) = preSolution
		HideSolutionNode = FALSE
	EndGlobalSection
	GlobalSection(ExtensibilityGlobals) = postSolution
		SolutionGuid = {2C89BECB-AF67-4414-A347-A2E667396D24}
	EndGlobalSection
EndGlobal
